{
  "requires": true,
  "lockfileVersion": 1,
  "dependencies": {
    "babel-loader": {
      "version": "7.1.2",
      "resolved": "https://registry.npmjs.org/babel-loader/-/babel-loader-7.1.2.tgz",
      "integrity": "sha512-jRwlFbINAeyDStqK6Dd5YuY0k5YuzQUvlz2ZamuXrXmxav3pNqe9vfJ402+2G+OmlJSXxCOpB6Uz0INM7RQe2A==",
      "requires": {
        "find-cache-dir": "1.0.0",
        "loader-utils": "1.1.0",
        "mkdirp": "0.5.1"
      }
    },
    "big.js": {
      "version": "3.2.0",
      "resolved": "http://registry.npm.taobao.org/big.js/download/big.js-3.2.0.tgz"
    },
    "commondir": {
      "version": "1.0.1",
      "resolved": "http://registry.npm.taobao.org/commondir/download/commondir-1.0.1.tgz"
    },
    "emojis-list": {
      "version": "2.1.0",
      "resolved": "http://registry.npm.taobao.org/emojis-list/download/emojis-list-2.1.0.tgz"
    },
    "find-cache-dir": {
      "version": "1.0.0",
      "resolved": "http://registry.npm.taobao.org/find-cache-dir/download/find-cache-dir-1.0.0.tgz",
      "requires": {
        "commondir": "1.0.1",
        "make-dir": "1.1.0",
        "pkg-dir": "2.0.0"
      },
      "dependencies": {
        "commondir": {
          "version": "1.0.1",
          "bundled": true
        },
        "make-dir": {
          "version": "1.1.0",
          "bundled": true,
          "requires": {
            "pify": "3.0.0"
          },
          "dependencies": {
            "pify": {
              "version": "3.0.0",
              "bundled": true
            }
          }
        },
        "pkg-dir": {
          "version": "2.0.0",
          "bundled": true,
          "requires": {
            "find-up": "2.1.0"
          },
          "dependencies": {
            "find-up": {
              "version": "2.1.0",
              "resolved": "http://registry.npm.taobao.org/find-up/download/find-up-2.1.0.tgz",
              "requires": {
                "locate-path": "2.0.0"
              },
              "dependencies": {
                "locate-path": {
                  "version": "2.0.0",
                  "bundled": true,
                  "requires": {
                    "p-locate": "2.0.0",
                    "path-exists": "3.0.0"
                  },
                  "dependencies": {
                    "p-locate": {
                      "version": "2.0.0",
                      "resolved": "http://registry.npm.taobao.org/p-locate/download/p-locate-2.0.0.tgz",
                      "requires": {
                        "p-limit": "1.1.0"
                      },
                      "dependencies": {
                        "p-limit": {
                          "version": "1.1.0",
                          "resolved": "http://registry.npm.taobao.org/p-limit/download/p-limit-1.1.0.tgz"
                        }
                      }
                    },
                    "path-exists": {
                      "version": "3.0.0",
                      "resolved": "http://registry.npm.taobao.org/path-exists/download/path-exists-3.0.0.tgz"
                    }
                  }
                }
              }
            }
          }
        }
      }
    },
    "find-up": {
      "version": "2.1.0",
      "resolved": "http://registry.npm.taobao.org/find-up/download/find-up-2.1.0.tgz",
      "requires": {
        "locate-path": "2.0.0"
      },
      "dependencies": {
        "locate-path": {
          "version": "2.0.0",
          "bundled": true,
          "requires": {
            "p-locate": "2.0.0",
            "path-exists": "3.0.0"
          },
          "dependencies": {}
        }
      }
    },
    "json5": {
      "version": "0.5.1",
      "resolved": "http://registry.npm.taobao.org/json5/download/json5-0.5.1.tgz"
    },
    "loader-utils": {
      "version": "1.1.0",
      "resolved": "http://registry.npm.taobao.org/loader-utils/download/loader-utils-1.1.0.tgz",
      "requires": {
        "big.js": "3.2.0",
        "emojis-list": "2.1.0",
        "json5": "0.5.1"
      },
      "dependencies": {
        "big.js": {
          "version": "3.2.0",
          "bundled": true
        },
        "emojis-list": {
          "version": "2.1.0",
          "bundled": true
        },
        "json5": {
          "version": "0.5.1",
          "bundled": true
        }
      }
    },
    "locate-path": {
      "version": "2.0.0",
      "resolved": "http://registry.npm.taobao.org/locate-path/download/locate-path-2.0.0.tgz",
      "requires": {
        "p-locate": "2.0.0",
        "path-exists": "3.0.0"
      },
      "dependencies": {
        "p-locate": {
          "version": "2.0.0",
          "resolved": "http://registry.npm.taobao.org/p-locate/download/p-locate-2.0.0.tgz",
          "requires": {
            "p-limit": "1.1.0"
          },
          "dependencies": {}
        },
        "path-exists": {
          "version": "3.0.0",
          "resolved": "http://registry.npm.taobao.org/path-exists/download/path-exists-3.0.0.tgz"
        }
      }
    },
    "make-dir": {
      "version": "1.1.0",
      "resolved": "http://registry.npm.taobao.org/make-dir/download/make-dir-1.1.0.tgz",
      "requires": {
        "pify": "3.0.0"
      },
      "dependencies": {
        "pify": {
          "version": "3.0.0",
          "bundled": true
        }
      }
    },
    "minimist": {
      "version": "0.0.8",
      "resolved": "http://registry.npm.taobao.org/minimist/download/minimist-0.0.8.tgz"
    },
    "mkdirp": {
      "version": "0.5.1",
      "resolved": "http://registry.npm.taobao.org/mkdirp/download/mkdirp-0.5.1.tgz",
      "requires": {
        "minimist": "0.0.8"
      },
      "dependencies": {
        "minimist": {
          "version": "http://registry.npm.taobao.org/minimist/download/minimist-0.0.8.tgz"
        }
      }
    },
    "p-limit": {
      "version": "1.1.0",
      "resolved": "http://registry.npm.taobao.org/p-limit/download/p-limit-1.1.0.tgz"
    },
    "p-locate": {
      "version": "2.0.0",
      "resolved": "http://registry.npm.taobao.org/p-locate/download/p-locate-2.0.0.tgz",
      "requires": {
        "p-limit": "1.1.0"
      },
      "dependencies": {
        "p-limit": {
          "version": "1.1.0",
          "resolved": "http://registry.npm.taobao.org/p-limit/download/p-limit-1.1.0.tgz"
        }
      }
    },
    "path-exists": {
      "version": "3.0.0",
      "resolved": "http://registry.npm.taobao.org/path-exists/download/path-exists-3.0.0.tgz"
    },
    "pify": {
      "version": "3.0.0",
      "resolved": "http://registry.npm.taobao.org/pify/download/pify-3.0.0.tgz"
    },
    "pkg-dir": {
      "version": "2.0.0",
      "resolved": "http://registry.npm.taobao.org/pkg-dir/download/pkg-dir-2.0.0.tgz",
      "requires": {
        "find-up": "2.1.0"
      },
      "dependencies": {
        "find-up": {
          "version": "2.1.0",
          "resolved": "http://registry.npm.taobao.org/find-up/download/find-up-2.1.0.tgz",
          "requires": {
            "locate-path": "2.0.0"
          },
          "dependencies": {}
        }
      }
    }
  }
}
